<?xml version="1.0" encoding="utf-8"?>
<Project ToolsVersion="4.0" xmlns="http://schemas.microsoft.com/developer/msbuild/2003">
  <ItemGroup>
    <Filter Include="Source Files">
      <UniqueIdentifier>{4FC737F1-C7A5-4376-A066-2A32D752A2FF}</UniqueIdentifier>
      <Extensions>cpp;c;cc;cxx;def;odl;idl;hpj;bat;asm;asmx</Extensions>
    </Filter>
    <Filter Include="Header Files">
      <UniqueIdentifier>{93995380-89BD-4b04-88EB-625FBE52EBFB}</UniqueIdentifier>
      <Extensions>h;hh;hpp;hxx;hm;inl;inc;xsd</Extensions>
    </Filter>
    <Filter Include="Resource Files">
      <UniqueIdentifier>{67DA6AB6-F800-4c08-8B7A-83BB121AAD01}</UniqueIdentifier>
      <Extensions>rc;ico;cur;bmp;dlg;rc2;rct;bin;rgs;gif;jpg;jpeg;jpe;resx;tiff;tif;png;wav;mfcribbon-ms</Extensions>
    </Filter>
  </ItemGroup>
  <ItemGroup>
    <ClCompile Include="..\gst-audio-source.cc">
      <Filter>Source Files</Filter>
    </ClCompile>
    <ClCompile Include="..\gstkaldinnet2onlinedecoder.cc">
      <Filter>Source Files</Filter>
    </ClCompile>
    <ClCompile Include="..\simple-options-gst.cc">
      <Filter>Source Files</Filter>
    </ClCompile>
    <ClCompile Include="..\kaldimarshal.cc">
      <Filter>Source Files</Filter>
    </ClCompile>
  </ItemGroup>
  <ItemGroup>
    <ClInclude Include="..\gst-audio-source.h">
      <Filter>Header Files</Filter>
    </ClInclude>
    <ClInclude Include="..\gstkaldinnet2onlinedecoder.h">
      <Filter>Header Files</Filter>
    </ClInclude>
    <ClInclude Include="..\simple-options-gst.h">
      <Filter>Header Files</Filter>
    </ClInclude>
    <ClInclude Include="..\kaldimarshal.h">
      <Filter>Header Files</Filter>
    </ClInclude>
  </ItemGroup>
  <ItemGroup>
    <None Include="..\..\..\kaldi\tools\pthreads\Pre-built.2\dll\x64\pthreadVC2.dll" />
    <None Include="..\..\..\kaldi\tools\openfst\MSVC14\x64\Release\openfst64.dll" />
    <None Include="C:\gstreamer-sdk\1.0\x86_64\bin\libxml2-2.dll" />
  </ItemGroup>
</Project>